
Microsoft Visual Studio Solution File, Format Version 12.00
# Visual Studio Version 17
VisualStudioVersion = 17.2.32616.157
MinimumVisualStudioVersion = 10.0.40219.1
Project("{9A19103F-16F7-4668-BE54-9A1E7A4F7556}") = "yungching_MVC", "yungching_MVC\yungching_MVC.csproj", "{BCE664F5-2AA7-40AF-A4B7-5FCDC562D989}"
EndProject
Project("{FAE04EC0-301F-11D3-BF4B-00C04F79EFBC}") = "yungching_API", "yungching_API\yungching_API.csproj", "{02E87F87-70E2-4B09-8963-D260E967B9B5}"
EndProject
Global
	GlobalSection(SolutionConfigurationPlatforms) = preSolution
		Debug|Any CPU = Debug|Any CPU
		Release|Any CPU = Release|Any CPU
	EndGlobalSection
	GlobalSection(ProjectConfigurationPlatforms) = postSolution
		{BCE664F5-2AA7-40AF-A4B7-5FCDC562D989}.Debug|Any CPU.ActiveCfg = Debug|Any CPU
		{BCE664F5-2AA7-40AF-A4B7-5FCDC562D989}.Debug|Any CPU.Build.0 = Debug|Any CPU
		{BCE664F5-2AA7-40AF-A4B7-5FCDC562D989}.Release|Any CPU.ActiveCfg = Release|Any CPU
		{BCE664F5-2AA7-40AF-A4B7-5FCDC562D989}.Release|Any CPU.Build.0 = Release|Any CPU
		{02E87F87-70E2-4B09-8963-D260E967B9B5}.Debug|Any CPU.ActiveCfg = Debug|Any CPU
		{02E87F87-70E2-4B09-8963-D260E967B9B5}.Debug|Any CPU.Build.0 = Debug|Any CPU
		{02E87F87-70E2-4B09-8963-D260E967B9B5}.Release|Any CPU.ActiveCfg = Release|Any CPU
		{02E87F87-70E2-4B09-8963-D260E967B9B5}.Release|Any CPU.Build.0 = Release|Any CPU
	EndGlobalSection
	GlobalSection(SolutionProperties) = preSolution
		HideSolutionNode = FALSE
	EndGlobalSection
	GlobalSection(ExtensibilityGlobals) = postSolution
		SolutionGuid = {6DC5787F-4FA6-4274-8D16-B31C4CE7BDF5}
	EndGlobalSection
EndGlobal
